
Microsoft Visual Studio Solution File, Format Version 12.00
# Visual Studio Version 17
VisualStudioVersion = 17.1.32319.34
MinimumVisualStudioVersion = 10.0.40219.1
Project("{9A19103F-16F7-4668-BE54-9A1E7A4F7556}") = "ApiNetCoreCliente", "src\ApiNetCoreCliente\ApiNetCoreCliente.csproj", "{FDFF077E-2561-4FCB-9E47-1FE4D0931B4C}"
EndProject
Project("{2150E333-8FDC-42A3-9474-1A3956D46DE8}") = "src", "src", "{4D4DC83C-6F00-449D-A85C-7259AF8FFF0B}"
EndProject
Project("{2150E333-8FDC-42A3-9474-1A3956D46DE8}") = "tests", "tests", "{19A920C1-0837-4C3F-90A4-E9A76DFBDE39}"
EndProject
Project("{9A19103F-16F7-4668-BE54-9A1E7A4F7556}") = "ApiNetCoreCliente.Domain", "src\ApiNetCoreCliente.Domain\ApiNetCoreCliente.Domain.csproj", "{2179DFCC-242F-4515-A83A-F64C55618210}"
EndProject
Project("{9A19103F-16F7-4668-BE54-9A1E7A4F7556}") = "ApiNetCoreCliente.Data", "src\ApiNetCoreCliente.Data\ApiNetCoreCliente.Data.csproj", "{1E44FB11-385A-43FA-9DA6-5A247770D157}"
EndProject
Project("{9A19103F-16F7-4668-BE54-9A1E7A4F7556}") = "ApiNetCoreCliente.Tests", "tests\ApiNetCoreCliente.Tests\ApiNetCoreCliente.Tests.csproj", "{6150F3B6-3D8E-4E9C-828A-67F50CF6FE3C}"
EndProject
Project("{FAE04EC0-301F-11D3-BF4B-00C04F79EFBC}") = "ApiNetCoreCliente.Core", "src\ApiNetCoreCliente.Core\ApiNetCoreCliente.Core.csproj", "{A2FD4350-E13B-4DCC-A3E1-CB7CD2476B0A}"
EndProject
Global
	GlobalSection(SolutionConfigurationPlatforms) = preSolution
		Debug|Any CPU = Debug|Any CPU
		Release|Any CPU = Release|Any CPU
	EndGlobalSection
	GlobalSection(ProjectConfigurationPlatforms) = postSolution
		{FDFF077E-2561-4FCB-9E47-1FE4D0931B4C}.Debug|Any CPU.ActiveCfg = Debug|Any CPU
		{FDFF077E-2561-4FCB-9E47-1FE4D0931B4C}.Debug|Any CPU.Build.0 = Debug|Any CPU
		{FDFF077E-2561-4FCB-9E47-1FE4D0931B4C}.Release|Any CPU.ActiveCfg = Release|Any CPU
		{FDFF077E-2561-4FCB-9E47-1FE4D0931B4C}.Release|Any CPU.Build.0 = Release|Any CPU
		{2179DFCC-242F-4515-A83A-F64C55618210}.Debug|Any CPU.ActiveCfg = Debug|Any CPU
		{2179DFCC-242F-4515-A83A-F64C55618210}.Debug|Any CPU.Build.0 = Debug|Any CPU
		{2179DFCC-242F-4515-A83A-F64C55618210}.Release|Any CPU.ActiveCfg = Release|Any CPU
		{2179DFCC-242F-4515-A83A-F64C55618210}.Release|Any CPU.Build.0 = Release|Any CPU
		{1E44FB11-385A-43FA-9DA6-5A247770D157}.Debug|Any CPU.ActiveCfg = Debug|Any CPU
		{1E44FB11-385A-43FA-9DA6-5A247770D157}.Debug|Any CPU.Build.0 = Debug|Any CPU
		{1E44FB11-385A-43FA-9DA6-5A247770D157}.Release|Any CPU.ActiveCfg = Release|Any CPU
		{1E44FB11-385A-43FA-9DA6-5A247770D157}.Release|Any CPU.Build.0 = Release|Any CPU
		{6150F3B6-3D8E-4E9C-828A-67F50CF6FE3C}.Debug|Any CPU.ActiveCfg = Debug|Any CPU
		{6150F3B6-3D8E-4E9C-828A-67F50CF6FE3C}.Debug|Any CPU.Build.0 = Debug|Any CPU
		{6150F3B6-3D8E-4E9C-828A-67F50CF6FE3C}.Release|Any CPU.ActiveCfg = Release|Any CPU
		{6150F3B6-3D8E-4E9C-828A-67F50CF6FE3C}.Release|Any CPU.Build.0 = Release|Any CPU
		{A2FD4350-E13B-4DCC-A3E1-CB7CD2476B0A}.Debug|Any CPU.ActiveCfg = Debug|Any CPU
		{A2FD4350-E13B-4DCC-A3E1-CB7CD2476B0A}.Debug|Any CPU.Build.0 = Debug|Any CPU
		{A2FD4350-E13B-4DCC-A3E1-CB7CD2476B0A}.Release|Any CPU.ActiveCfg = Release|Any CPU
		{A2FD4350-E13B-4DCC-A3E1-CB7CD2476B0A}.Release|Any CPU.Build.0 = Release|Any CPU
	EndGlobalSection
	GlobalSection(SolutionProperties) = preSolution
		HideSolutionNode = FALSE
	EndGlobalSection
	GlobalSection(NestedProjects) = preSolution
		{FDFF077E-2561-4FCB-9E47-1FE4D0931B4C} = {4D4DC83C-6F00-449D-A85C-7259AF8FFF0B}
		{2179DFCC-242F-4515-A83A-F64C55618210} = {4D4DC83C-6F00-449D-A85C-7259AF8FFF0B}
		{1E44FB11-385A-43FA-9DA6-5A247770D157} = {4D4DC83C-6F00-449D-A85C-7259AF8FFF0B}
		{6150F3B6-3D8E-4E9C-828A-67F50CF6FE3C} = {19A920C1-0837-4C3F-90A4-E9A76DFBDE39}
		{A2FD4350-E13B-4DCC-A3E1-CB7CD2476B0A} = {4D4DC83C-6F00-449D-A85C-7259AF8FFF0B}
	EndGlobalSection
	GlobalSection(ExtensibilityGlobals) = postSolution
		SolutionGuid = {2901063B-324B-41B7-AAA5-E96BE3083800}
	EndGlobalSection
EndGlobal
